
Microsoft Visual Studio Solution File, Format Version 12.00
#
Project("{FAE04EC0-301F-11D3-BF4B-00C04F79EFBC}") = "JitDalshe.Api.Site", "JitDalshe.Api.Site\JitDalshe.Api.Site.csproj", "{EE3FDFAB-7F51-40AA-93A6-78373DD42D5E}"
EndProject
Project("{FAE04EC0-301F-11D3-BF4B-00C04F79EFBC}") = "JitDalshe.Domain", "Domain\JitDalshe.Domain\JitDalshe.Domain.csproj", "{C6BA5D87-D53F-40F2-8FA4-D84B6AEC2045}"
EndProject
Project("{2150E333-8FDC-42A3-9474-1A3956D46DE8}") = "1. Domain", "1. Domain", "{BE24047B-D681-4DFE-83A1-1E70E0A43F9F}"
EndProject
Project("{2150E333-8FDC-42A3-9474-1A3956D46DE8}") = "2. Application", "2. Application", "{63602280-1B62-4476-9D64-C9A930222BB6}"
EndProject
Project("{FAE04EC0-301F-11D3-BF4B-00C04F79EFBC}") = "JitDalshe.Application", "Application\JitDalshe.Application\JitDalshe.Application.csproj", "{15722C54-4B29-4150-A0D5-993D4E61B897}"
EndProject
Project("{FAE04EC0-301F-11D3-BF4B-00C04F79EFBC}") = "JitDalshe.Application.Site", "Application\JitDalshe.Application.Site\JitDalshe.Application.Site.csproj", "{998FBEEB-C8C3-487E-A5EC-A9D24AEEA0E7}"
EndProject
Project("{2150E333-8FDC-42A3-9474-1A3956D46DE8}") = "3. Infrastructure", "3. Infrastructure", "{5CA6597C-D611-4989-911F-BED2C7B43019}"
EndProject
Project("{FAE04EC0-301F-11D3-BF4B-00C04F79EFBC}") = "JitDalshe.Infrastructure.Persistence", "Infrastructure\JitDalshe.Infrastructure.Persistence\JitDalshe.Infrastructure.Persistence.csproj", "{C6D245E6-0ED3-4A74-A7F2-FB2E93ADDBAF}"
EndProject
Project("{FAE04EC0-301F-11D3-BF4B-00C04F79EFBC}") = "JitDalshe.Application.Admin", "Application\JitDalshe.Application.Admin\JitDalshe.Application.Admin.csproj", "{84B8C82C-FC58-4D3D-92FC-DB1CFF204577}"
EndProject
Project("{FAE04EC0-301F-11D3-BF4B-00C04F79EFBC}") = "JitDalshe.Api.Admin", "JitDalshe.Api.Admin\JitDalshe.Api.Admin.csproj", "{126307A2-D2E2-4DD7-830B-55C9EFD996A3}"
EndProject
Project("{FAE04EC0-301F-11D3-BF4B-00C04F79EFBC}") = "JitDalshe.Ui.Admin", "JitDalshe.Ui.Admin\JitDalshe.Ui.Admin.csproj", "{6770DD63-1F77-4B1C-B770-00B3F5F35F36}"
EndProject
Project("{2150E333-8FDC-42A3-9474-1A3956D46DE8}") = "4. Api", "4. Api", "{B959C0F8-5C9F-4A20-92BF-4DEE693DEB80}"
EndProject
Project("{2150E333-8FDC-42A3-9474-1A3956D46DE8}") = "5. Ui", "5. Ui", "{22927464-BCF0-4468-ACBF-CA290C2E3BDD}"
EndProject
Project("{FAE04EC0-301F-11D3-BF4B-00C04F79EFBC}") = "JitDalshe.Api", "JitDalshe.Api\JitDalshe.Api.csproj", "{6C2E5F0D-6854-4E57-BAA7-3B952C9B7DA4}"
EndProject
Project("{FAE04EC0-301F-11D3-BF4B-00C04F79EFBC}") = "JitDalshe.Api.VkCallback", "JitDalshe.Api.VkCallback\JitDalshe.Api.VkCallback.csproj", "{A1A9ED28-24F0-4F08-BCD2-27B432B36DFC}"
EndProject
Project("{FAE04EC0-301F-11D3-BF4B-00C04F79EFBC}") = "JitDalshe.Application.VkCallback", "Application\JitDalshe.Application.VkCallback\JitDalshe.Application.VkCallback.csproj", "{364F4159-B72A-47A4-AEB1-71BEE6253B67}"
EndProject
Project("{FAE04EC0-301F-11D3-BF4B-00C04F79EFBC}") = "JitDalshe.Migrator", "JitDalshe.Migrator\JitDalshe.Migrator.csproj", "{742B49DC-56B6-4896-84B6-902EB8BFCE17}"
EndProject
Global
	GlobalSection(SolutionConfigurationPlatforms) = preSolution
		Debug|Any CPU = Debug|Any CPU
		Release|Any CPU = Release|Any CPU
	EndGlobalSection
	GlobalSection(ProjectConfigurationPlatforms) = postSolution
		{EE3FDFAB-7F51-40AA-93A6-78373DD42D5E}.Debug|Any CPU.ActiveCfg = Debug|Any CPU
		{EE3FDFAB-7F51-40AA-93A6-78373DD42D5E}.Debug|Any CPU.Build.0 = Debug|Any CPU
		{EE3FDFAB-7F51-40AA-93A6-78373DD42D5E}.Release|Any CPU.ActiveCfg = Release|Any CPU
		{EE3FDFAB-7F51-40AA-93A6-78373DD42D5E}.Release|Any CPU.Build.0 = Release|Any CPU
		{C6BA5D87-D53F-40F2-8FA4-D84B6AEC2045}.Debug|Any CPU.ActiveCfg = Debug|Any CPU
		{C6BA5D87-D53F-40F2-8FA4-D84B6AEC2045}.Debug|Any CPU.Build.0 = Debug|Any CPU
		{C6BA5D87-D53F-40F2-8FA4-D84B6AEC2045}.Release|Any CPU.ActiveCfg = Release|Any CPU
		{C6BA5D87-D53F-40F2-8FA4-D84B6AEC2045}.Release|Any CPU.Build.0 = Release|Any CPU
		{15722C54-4B29-4150-A0D5-993D4E61B897}.Debug|Any CPU.ActiveCfg = Debug|Any CPU
		{15722C54-4B29-4150-A0D5-993D4E61B897}.Debug|Any CPU.Build.0 = Debug|Any CPU
		{15722C54-4B29-4150-A0D5-993D4E61B897}.Release|Any CPU.ActiveCfg = Release|Any CPU
		{15722C54-4B29-4150-A0D5-993D4E61B897}.Release|Any CPU.Build.0 = Release|Any CPU
		{998FBEEB-C8C3-487E-A5EC-A9D24AEEA0E7}.Debug|Any CPU.ActiveCfg = Debug|Any CPU
		{998FBEEB-C8C3-487E-A5EC-A9D24AEEA0E7}.Debug|Any CPU.Build.0 = Debug|Any CPU
		{998FBEEB-C8C3-487E-A5EC-A9D24AEEA0E7}.Release|Any CPU.ActiveCfg = Release|Any CPU
		{998FBEEB-C8C3-487E-A5EC-A9D24AEEA0E7}.Release|Any CPU.Build.0 = Release|Any CPU
		{C6D245E6-0ED3-4A74-A7F2-FB2E93ADDBAF}.Debug|Any CPU.ActiveCfg = Debug|Any CPU
		{C6D245E6-0ED3-4A74-A7F2-FB2E93ADDBAF}.Debug|Any CPU.Build.0 = Debug|Any CPU
		{C6D245E6-0ED3-4A74-A7F2-FB2E93ADDBAF}.Release|Any CPU.ActiveCfg = Release|Any CPU
		{C6D245E6-0ED3-4A74-A7F2-FB2E93ADDBAF}.Release|Any CPU.Build.0 = Release|Any CPU
		{84B8C82C-FC58-4D3D-92FC-DB1CFF204577}.Debug|Any CPU.ActiveCfg = Debug|Any CPU
		{84B8C82C-FC58-4D3D-92FC-DB1CFF204577}.Debug|Any CPU.Build.0 = Debug|Any CPU
		{84B8C82C-FC58-4D3D-92FC-DB1CFF204577}.Release|Any CPU.ActiveCfg = Release|Any CPU
		{84B8C82C-FC58-4D3D-92FC-DB1CFF204577}.Release|Any CPU.Build.0 = Release|Any CPU
		{126307A2-D2E2-4DD7-830B-55C9EFD996A3}.Debug|Any CPU.ActiveCfg = Debug|Any CPU
		{126307A2-D2E2-4DD7-830B-55C9EFD996A3}.Debug|Any CPU.Build.0 = Debug|Any CPU
		{126307A2-D2E2-4DD7-830B-55C9EFD996A3}.Release|Any CPU.ActiveCfg = Release|Any CPU
		{126307A2-D2E2-4DD7-830B-55C9EFD996A3}.Release|Any CPU.Build.0 = Release|Any CPU
		{6770DD63-1F77-4B1C-B770-00B3F5F35F36}.Debug|Any CPU.ActiveCfg = Debug|Any CPU
		{6770DD63-1F77-4B1C-B770-00B3F5F35F36}.Debug|Any CPU.Build.0 = Debug|Any CPU
		{6770DD63-1F77-4B1C-B770-00B3F5F35F36}.Release|Any CPU.ActiveCfg = Release|Any CPU
		{6770DD63-1F77-4B1C-B770-00B3F5F35F36}.Release|Any CPU.Build.0 = Release|Any CPU
		{6C2E5F0D-6854-4E57-BAA7-3B952C9B7DA4}.Debug|Any CPU.ActiveCfg = Debug|Any CPU
		{6C2E5F0D-6854-4E57-BAA7-3B952C9B7DA4}.Debug|Any CPU.Build.0 = Debug|Any CPU
		{6C2E5F0D-6854-4E57-BAA7-3B952C9B7DA4}.Release|Any CPU.ActiveCfg = Release|Any CPU
		{6C2E5F0D-6854-4E57-BAA7-3B952C9B7DA4}.Release|Any CPU.Build.0 = Release|Any CPU
		{A1A9ED28-24F0-4F08-BCD2-27B432B36DFC}.Debug|Any CPU.ActiveCfg = Debug|Any CPU
		{A1A9ED28-24F0-4F08-BCD2-27B432B36DFC}.Debug|Any CPU.Build.0 = Debug|Any CPU
		{A1A9ED28-24F0-4F08-BCD2-27B432B36DFC}.Release|Any CPU.ActiveCfg = Release|Any CPU
		{A1A9ED28-24F0-4F08-BCD2-27B432B36DFC}.Release|Any CPU.Build.0 = Release|Any CPU
		{364F4159-B72A-47A4-AEB1-71BEE6253B67}.Debug|Any CPU.ActiveCfg = Debug|Any CPU
		{364F4159-B72A-47A4-AEB1-71BEE6253B67}.Debug|Any CPU.Build.0 = Debug|Any CPU
		{364F4159-B72A-47A4-AEB1-71BEE6253B67}.Release|Any CPU.ActiveCfg = Release|Any CPU
		{364F4159-B72A-47A4-AEB1-71BEE6253B67}.Release|Any CPU.Build.0 = Release|Any CPU
		{742B49DC-56B6-4896-84B6-902EB8BFCE17}.Debug|Any CPU.ActiveCfg = Debug|Any CPU
		{742B49DC-56B6-4896-84B6-902EB8BFCE17}.Debug|Any CPU.Build.0 = Debug|Any CPU
		{742B49DC-56B6-4896-84B6-902EB8BFCE17}.Release|Any CPU.ActiveCfg = Release|Any CPU
		{742B49DC-56B6-4896-84B6-902EB8BFCE17}.Release|Any CPU.Build.0 = Release|Any CPU
	EndGlobalSection
	GlobalSection(NestedProjects) = preSolution
		{C6BA5D87-D53F-40F2-8FA4-D84B6AEC2045} = {BE24047B-D681-4DFE-83A1-1E70E0A43F9F}
		{15722C54-4B29-4150-A0D5-993D4E61B897} = {63602280-1B62-4476-9D64-C9A930222BB6}
		{998FBEEB-C8C3-487E-A5EC-A9D24AEEA0E7} = {63602280-1B62-4476-9D64-C9A930222BB6}
		{C6D245E6-0ED3-4A74-A7F2-FB2E93ADDBAF} = {5CA6597C-D611-4989-911F-BED2C7B43019}
		{84B8C82C-FC58-4D3D-92FC-DB1CFF204577} = {63602280-1B62-4476-9D64-C9A930222BB6}
		{126307A2-D2E2-4DD7-830B-55C9EFD996A3} = {B959C0F8-5C9F-4A20-92BF-4DEE693DEB80}
		{EE3FDFAB-7F51-40AA-93A6-78373DD42D5E} = {B959C0F8-5C9F-4A20-92BF-4DEE693DEB80}
		{6770DD63-1F77-4B1C-B770-00B3F5F35F36} = {22927464-BCF0-4468-ACBF-CA290C2E3BDD}
		{6C2E5F0D-6854-4E57-BAA7-3B952C9B7DA4} = {B959C0F8-5C9F-4A20-92BF-4DEE693DEB80}
		{A1A9ED28-24F0-4F08-BCD2-27B432B36DFC} = {B959C0F8-5C9F-4A20-92BF-4DEE693DEB80}
		{364F4159-B72A-47A4-AEB1-71BEE6253B67} = {63602280-1B62-4476-9D64-C9A930222BB6}
	EndGlobalSection
EndGlobal
